
Microsoft Visual Studio Solution File, Format Version 12.00
# Visual Studio 2013
VisualStudioVersion = 12.0.31101.0
MinimumVisualStudioVersion = 10.0.40219.1
Project("{FAE04EC0-301F-11D3-BF4B-00C04F79EFBC}") = "01-ElementInsertion", "01-ElementInsertion\01-ElementInsertion.csproj", "{D100714E-62B4-41AA-9AB2-98BCC8F58F66}"
EndProject
Project("{FAE04EC0-301F-11D3-BF4B-00C04F79EFBC}") = "02-BackgroundColorSwitch", "02-BackgroundColorSwitch\02-BackgroundColorSwitch.csproj", "{194DF1D2-7F8D-47E5-B8CF-F715BBE48F0B}"
EndProject
Project("{FAE04EC0-301F-11D3-BF4B-00C04F79EFBC}") = "03-TableGenerator", "03-TableGenerator\03-TableGenerator.csproj", "{EB1B6D54-3A98-47F7-A46A-4849EDF52807}"
EndProject
Project("{FAE04EC0-301F-11D3-BF4B-00C04F79EFBC}") = "04-Slideshow", "04-Slideshow\04-Slideshow.csproj", "{84A0943E-FA4B-4D28-BBCA-9FA3FFB32371}"
EndProject
Global
	GlobalSection(SolutionConfigurationPlatforms) = preSolution
		Debug|Any CPU = Debug|Any CPU
		Release|Any CPU = Release|Any CPU
	EndGlobalSection
	GlobalSection(ProjectConfigurationPlatforms) = postSolution
		{D100714E-62B4-41AA-9AB2-98BCC8F58F66}.Debug|Any CPU.ActiveCfg = Debug|Any CPU
		{D100714E-62B4-41AA-9AB2-98BCC8F58F66}.Debug|Any CPU.Build.0 = Debug|Any CPU
		{D100714E-62B4-41AA-9AB2-98BCC8F58F66}.Release|Any CPU.ActiveCfg = Release|Any CPU
		{D100714E-62B4-41AA-9AB2-98BCC8F58F66}.Release|Any CPU.Build.0 = Release|Any CPU
		{194DF1D2-7F8D-47E5-B8CF-F715BBE48F0B}.Debug|Any CPU.ActiveCfg = Debug|Any CPU
		{194DF1D2-7F8D-47E5-B8CF-F715BBE48F0B}.Debug|Any CPU.Build.0 = Debug|Any CPU
		{194DF1D2-7F8D-47E5-B8CF-F715BBE48F0B}.Release|Any CPU.ActiveCfg = Release|Any CPU
		{194DF1D2-7F8D-47E5-B8CF-F715BBE48F0B}.Release|Any CPU.Build.0 = Release|Any CPU
		{EB1B6D54-3A98-47F7-A46A-4849EDF52807}.Debug|Any CPU.ActiveCfg = Debug|Any CPU
		{EB1B6D54-3A98-47F7-A46A-4849EDF52807}.Debug|Any CPU.Build.0 = Debug|Any CPU
		{EB1B6D54-3A98-47F7-A46A-4849EDF52807}.Release|Any CPU.ActiveCfg = Release|Any CPU
		{EB1B6D54-3A98-47F7-A46A-4849EDF52807}.Release|Any CPU.Build.0 = Release|Any CPU
		{84A0943E-FA4B-4D28-BBCA-9FA3FFB32371}.Debug|Any CPU.ActiveCfg = Debug|Any CPU
		{84A0943E-FA4B-4D28-BBCA-9FA3FFB32371}.Debug|Any CPU.Build.0 = Debug|Any CPU
		{84A0943E-FA4B-4D28-BBCA-9FA3FFB32371}.Release|Any CPU.ActiveCfg = Release|Any CPU
		{84A0943E-FA4B-4D28-BBCA-9FA3FFB32371}.Release|Any CPU.Build.0 = Release|Any CPU
	EndGlobalSection
	GlobalSection(SolutionProperties) = preSolution
		HideSolutionNode = FALSE
	EndGlobalSection
EndGlobal
